
Microsoft Visual Studio Solution File, Format Version 12.00
# Visual Studio Version 16
VisualStudioVersion = 16.0.29519.181
MinimumVisualStudioVersion = 10.0.40219.1
Project("{FAE04EC0-301F-11D3-BF4B-00C04F79EFBC}") = "VeryNiceSchool", "VeryNiceSchool\VeryNiceSchool.csproj", "{CD62069D-64D4-43BE-832E-F9B40E7D77B9}"
EndProject
Project("{FAE04EC0-301F-11D3-BF4B-00C04F79EFBC}") = "Data", "Data\Data.csproj", "{67FF2624-5BBB-4889-AF82-01BE169D3E1A}"
EndProject
Project("{FAE04EC0-301F-11D3-BF4B-00C04F79EFBC}") = "Core", "Core\Core.csproj", "{491BEAFF-7B9B-4FD9-804C-77A347D36B4B}"
EndProject
Global
	GlobalSection(SolutionConfigurationPlatforms) = preSolution
		Debug|Any CPU = Debug|Any CPU
		Release|Any CPU = Release|Any CPU
	EndGlobalSection
	GlobalSection(ProjectConfigurationPlatforms) = postSolution
		{CD62069D-64D4-43BE-832E-F9B40E7D77B9}.Debug|Any CPU.ActiveCfg = Debug|Any CPU
		{CD62069D-64D4-43BE-832E-F9B40E7D77B9}.Debug|Any CPU.Build.0 = Debug|Any CPU
		{CD62069D-64D4-43BE-832E-F9B40E7D77B9}.Release|Any CPU.ActiveCfg = Release|Any CPU
		{CD62069D-64D4-43BE-832E-F9B40E7D77B9}.Release|Any CPU.Build.0 = Release|Any CPU
		{67FF2624-5BBB-4889-AF82-01BE169D3E1A}.Debug|Any CPU.ActiveCfg = Debug|Any CPU
		{67FF2624-5BBB-4889-AF82-01BE169D3E1A}.Debug|Any CPU.Build.0 = Debug|Any CPU
		{67FF2624-5BBB-4889-AF82-01BE169D3E1A}.Release|Any CPU.ActiveCfg = Release|Any CPU
		{67FF2624-5BBB-4889-AF82-01BE169D3E1A}.Release|Any CPU.Build.0 = Release|Any CPU
		{491BEAFF-7B9B-4FD9-804C-77A347D36B4B}.Debug|Any CPU.ActiveCfg = Debug|Any CPU
		{491BEAFF-7B9B-4FD9-804C-77A347D36B4B}.Debug|Any CPU.Build.0 = Debug|Any CPU
		{491BEAFF-7B9B-4FD9-804C-77A347D36B4B}.Release|Any CPU.ActiveCfg = Release|Any CPU
		{491BEAFF-7B9B-4FD9-804C-77A347D36B4B}.Release|Any CPU.Build.0 = Release|Any CPU
	EndGlobalSection
	GlobalSection(SolutionProperties) = preSolution
		HideSolutionNode = FALSE
	EndGlobalSection
	GlobalSection(ExtensibilityGlobals) = postSolution
		SolutionGuid = {77EE93E4-3756-480B-92CF-C778D6E4ED34}
	EndGlobalSection
EndGlobal
